
Microsoft Visual Studio Solution File, Format Version 12.00
# Visual Studio Version 16
VisualStudioVersion = 16.0.28803.352
MinimumVisualStudioVersion = 10.0.40219.1
Project("{FAE04EC0-301F-11D3-BF4B-00C04F79EFBC}") = "WebApiHarjoituskoodi", "WebApiHarjoituskoodi\WebApiHarjoituskoodi.csproj", "{665680C5-42E7-4913-8885-BF8D1649DE0F}"
EndProject
Global
	GlobalSection(SolutionConfigurationPlatforms) = preSolution
		Debug|Any CPU = Debug|Any CPU
		Release|Any CPU = Release|Any CPU
	EndGlobalSection
	GlobalSection(ProjectConfigurationPlatforms) = postSolution
		{665680C5-42E7-4913-8885-BF8D1649DE0F}.Debug|Any CPU.ActiveCfg = Debug|Any CPU
		{665680C5-42E7-4913-8885-BF8D1649DE0F}.Debug|Any CPU.Build.0 = Debug|Any CPU
		{665680C5-42E7-4913-8885-BF8D1649DE0F}.Release|Any CPU.ActiveCfg = Release|Any CPU
		{665680C5-42E7-4913-8885-BF8D1649DE0F}.Release|Any CPU.Build.0 = Release|Any CPU
	EndGlobalSection
	GlobalSection(SolutionProperties) = preSolution
		HideSolutionNode = FALSE
	EndGlobalSection
	GlobalSection(ExtensibilityGlobals) = postSolution
		SolutionGuid = {E67C7ADE-23F8-4851-AB9A-0E650C2B70C5}
	EndGlobalSection
EndGlobal
